
Microsoft Visual Studio Solution File, Format Version 12.00
# Visual Studio Version 16
VisualStudioVersion = 25.0.1705.0
MinimumVisualStudioVersion = 10.0.40219.1
Project("{FAE04EC0-301F-11D3-BF4B-00C04F79EFBC}") = "OblOpg1", "OblOpg1.csproj", "{94F22355-D1DC-4F5C-BFF1-E603089EACED}"
EndProject
Project("{FAE04EC0-301F-11D3-BF4B-00C04F79EFBC}") = "OblOpg1Test", "..\OblOpg1Test\OblOpg1Test.csproj", "{D059DD26-7516-4BA9-BB57-A139F4BD4B27}"
EndProject
Global
	GlobalSection(SolutionConfigurationPlatforms) = preSolution
		Debug|Any CPU = Debug|Any CPU
		Release|Any CPU = Release|Any CPU
	EndGlobalSection
	GlobalSection(ProjectConfigurationPlatforms) = postSolution
		{94F22355-D1DC-4F5C-BFF1-E603089EACED}.Debug|Any CPU.ActiveCfg = Debug|Any CPU
		{94F22355-D1DC-4F5C-BFF1-E603089EACED}.Debug|Any CPU.Build.0 = Debug|Any CPU
		{94F22355-D1DC-4F5C-BFF1-E603089EACED}.Release|Any CPU.ActiveCfg = Release|Any CPU
		{94F22355-D1DC-4F5C-BFF1-E603089EACED}.Release|Any CPU.Build.0 = Release|Any CPU
		{D059DD26-7516-4BA9-BB57-A139F4BD4B27}.Debug|Any CPU.ActiveCfg = Debug|Any CPU
		{D059DD26-7516-4BA9-BB57-A139F4BD4B27}.Debug|Any CPU.Build.0 = Debug|Any CPU
		{D059DD26-7516-4BA9-BB57-A139F4BD4B27}.Release|Any CPU.ActiveCfg = Release|Any CPU
		{D059DD26-7516-4BA9-BB57-A139F4BD4B27}.Release|Any CPU.Build.0 = Release|Any CPU
	EndGlobalSection
	GlobalSection(SolutionProperties) = preSolution
		HideSolutionNode = FALSE
	EndGlobalSection
	GlobalSection(ExtensibilityGlobals) = postSolution
		SolutionGuid = {F76FD2B5-2522-420D-B168-52139C3D7EC8}
	EndGlobalSection
EndGlobal
